
Microsoft Visual Studio Solution File, Format Version 12.00
# Visual Studio Version 17
VisualStudioVersion = 17.0.31903.59
MinimumVisualStudioVersion = 10.0.40219.1
Project("{FAE04EC0-301F-11D3-BF4B-00C04F79EFBC}") = "Rokys.Events.Command", "Rokys.Events.Command\Rokys.Events.Command.csproj", "{8B106689-9435-4736-BDE8-45DF3EC23AAB}"
EndProject
Project("{FAE04EC0-301F-11D3-BF4B-00C04F79EFBC}") = "Rokys.Events.Command.Interfaces", "Rokys.Events.Command.Interfaces\Rokys.Events.Command.Interfaces.csproj", "{2DB15128-5E53-4BF5-B11D-2176DD2A636A}"
EndProject
Global
	GlobalSection(SolutionConfigurationPlatforms) = preSolution
		Debug|Any CPU = Debug|Any CPU
		Debug|x64 = Debug|x64
		Debug|x86 = Debug|x86
		Release|Any CPU = Release|Any CPU
		Release|x64 = Release|x64
		Release|x86 = Release|x86
	EndGlobalSection
	GlobalSection(ProjectConfigurationPlatforms) = postSolution
		{8B106689-9435-4736-BDE8-45DF3EC23AAB}.Debug|Any CPU.ActiveCfg = Debug|Any CPU
		{8B106689-9435-4736-BDE8-45DF3EC23AAB}.Debug|Any CPU.Build.0 = Debug|Any CPU
		{8B106689-9435-4736-BDE8-45DF3EC23AAB}.Debug|x64.ActiveCfg = Debug|Any CPU
		{8B106689-9435-4736-BDE8-45DF3EC23AAB}.Debug|x64.Build.0 = Debug|Any CPU
		{8B106689-9435-4736-BDE8-45DF3EC23AAB}.Debug|x86.ActiveCfg = Debug|Any CPU
		{8B106689-9435-4736-BDE8-45DF3EC23AAB}.Debug|x86.Build.0 = Debug|Any CPU
		{8B106689-9435-4736-BDE8-45DF3EC23AAB}.Release|Any CPU.ActiveCfg = Release|Any CPU
		{8B106689-9435-4736-BDE8-45DF3EC23AAB}.Release|Any CPU.Build.0 = Release|Any CPU
		{8B106689-9435-4736-BDE8-45DF3EC23AAB}.Release|x64.ActiveCfg = Release|Any CPU
		{8B106689-9435-4736-BDE8-45DF3EC23AAB}.Release|x64.Build.0 = Release|Any CPU
		{8B106689-9435-4736-BDE8-45DF3EC23AAB}.Release|x86.ActiveCfg = Release|Any CPU
		{8B106689-9435-4736-BDE8-45DF3EC23AAB}.Release|x86.Build.0 = Release|Any CPU
		{2DB15128-5E53-4BF5-B11D-2176DD2A636A}.Debug|Any CPU.ActiveCfg = Debug|Any CPU
		{2DB15128-5E53-4BF5-B11D-2176DD2A636A}.Debug|Any CPU.Build.0 = Debug|Any CPU
		{2DB15128-5E53-4BF5-B11D-2176DD2A636A}.Debug|x64.ActiveCfg = Debug|Any CPU
		{2DB15128-5E53-4BF5-B11D-2176DD2A636A}.Debug|x64.Build.0 = Debug|Any CPU
		{2DB15128-5E53-4BF5-B11D-2176DD2A636A}.Debug|x86.ActiveCfg = Debug|Any CPU
		{2DB15128-5E53-4BF5-B11D-2176DD2A636A}.Debug|x86.Build.0 = Debug|Any CPU
		{2DB15128-5E53-4BF5-B11D-2176DD2A636A}.Release|Any CPU.ActiveCfg = Release|Any CPU
		{2DB15128-5E53-4BF5-B11D-2176DD2A636A}.Release|Any CPU.Build.0 = Release|Any CPU
		{2DB15128-5E53-4BF5-B11D-2176DD2A636A}.Release|x64.ActiveCfg = Release|Any CPU
		{2DB15128-5E53-4BF5-B11D-2176DD2A636A}.Release|x64.Build.0 = Release|Any CPU
		{2DB15128-5E53-4BF5-B11D-2176DD2A636A}.Release|x86.ActiveCfg = Release|Any CPU
		{2DB15128-5E53-4BF5-B11D-2176DD2A636A}.Release|x86.Build.0 = Release|Any CPU
	EndGlobalSection
	GlobalSection(SolutionProperties) = preSolution
		HideSolutionNode = FALSE
	EndGlobalSection
EndGlobal
